
Microsoft Visual Studio Solution File, Format Version 12.00
# Visual Studio Version 17
VisualStudioVersion = 17.3.32929.385
MinimumVisualStudioVersion = 10.0.40219.1
Project("{FAE04EC0-301F-11D3-BF4B-00C04F79EFBC}") = "AzureFunctionTest", "AzureFunctionTest\AzureFunctionTest.csproj", "{65A5C044-9133-40ED-B895-84DDAAC26585}"
EndProject
Global
	GlobalSection(SolutionConfigurationPlatforms) = preSolution
		Debug|Any CPU = Debug|Any CPU
		Release|Any CPU = Release|Any CPU
	EndGlobalSection
	GlobalSection(ProjectConfigurationPlatforms) = postSolution
		{65A5C044-9133-40ED-B895-84DDAAC26585}.Debug|Any CPU.ActiveCfg = Debug|Any CPU
		{65A5C044-9133-40ED-B895-84DDAAC26585}.Debug|Any CPU.Build.0 = Debug|Any CPU
		{65A5C044-9133-40ED-B895-84DDAAC26585}.Release|Any CPU.ActiveCfg = Release|Any CPU
		{65A5C044-9133-40ED-B895-84DDAAC26585}.Release|Any CPU.Build.0 = Release|Any CPU
	EndGlobalSection
	GlobalSection(SolutionProperties) = preSolution
		HideSolutionNode = FALSE
	EndGlobalSection
	GlobalSection(ExtensibilityGlobals) = postSolution
		SolutionGuid = {B5201408-4D59-455E-B4F1-0597E512FB97}
	EndGlobalSection
EndGlobal
